
Microsoft Visual Studio Solution File, Format Version 12.00
# Visual Studio 15
VisualStudioVersion = 15.0.28307.271
MinimumVisualStudioVersion = 10.0.40219.1
Project("{FAE04EC0-301F-11D3-BF4B-00C04F79EFBC}") = "WebTreeView", "WebTreeView\WebTreeView.csproj", "{946D8D16-9ED0-40DC-B916-AA060597DBDE}"
EndProject
Global
	GlobalSection(SolutionConfigurationPlatforms) = preSolution
		Debug|Any CPU = Debug|Any CPU
		Release|Any CPU = Release|Any CPU
	EndGlobalSection
	GlobalSection(ProjectConfigurationPlatforms) = postSolution
		{946D8D16-9ED0-40DC-B916-AA060597DBDE}.Debug|Any CPU.ActiveCfg = Debug|Any CPU
		{946D8D16-9ED0-40DC-B916-AA060597DBDE}.Debug|Any CPU.Build.0 = Debug|Any CPU
		{946D8D16-9ED0-40DC-B916-AA060597DBDE}.Release|Any CPU.ActiveCfg = Release|Any CPU
		{946D8D16-9ED0-40DC-B916-AA060597DBDE}.Release|Any CPU.Build.0 = Release|Any CPU
	EndGlobalSection
	GlobalSection(SolutionProperties) = preSolution
		HideSolutionNode = FALSE
	EndGlobalSection
	GlobalSection(ExtensibilityGlobals) = postSolution
		SolutionGuid = {F1500AEC-0732-4E5F-BA0A-897C22538ADE}
	EndGlobalSection
EndGlobal
